<Solution>
  <Configurations>
    <Platform Name="x64" />
    <Platform Name="x86" />
  </Configurations>
  <Project Path="D:/workspace/VSRepos/Learning/PELoader/LibPELoader/LibPELoader.vcxproj" Id="38eff300-d7fa-4daf-9432-3b7adb2a1047" />
  <Project Path="D:/workspace/VSRepos/Learning/PELoader/LoaderTest/LoaderTest.vcxproj" Id="7708b9f4-faad-484f-a400-b67955d46d26" />
  <Project Path="D:/workspace/VSRepos/Learning/PELoader/LoaderTestDLL/LoaderTestDLL.vcxproj" Id="94da7cac-4956-4821-8b61-e9551799ddea" />
  <Project Path="D:/workspace/VSRepos/Learning/PELoader/PELoader/PELoader.vcxproj" Id="0300990e-fe92-4b39-8f33-f5b2d3b8bbe4">
    <BuildDependency Project="D:/workspace/VSRepos/Learning/PELoader/LibPELoader/LibPELoader.vcxproj" />
    <BuildDependency Project="D:/workspace/VSRepos/Learning/PELoader/LoaderTest/LoaderTest.vcxproj" />
    <BuildDependency Project="D:/workspace/VSRepos/Learning/PELoader/LoaderTestDLL/LoaderTestDLL.vcxproj" />
  </Project>
  <Project Path="D:/workspace/VSRepos/Learning/PELoader/PERemoteLoader/PERemoteLoader.vcxproj" Id="8307f221-cc80-4fa7-93fd-e403bff582ba">
    <BuildDependency Project="D:/workspace/VSRepos/Learning/PELoader/LoaderTest/LoaderTest.vcxproj" />
    <BuildDependency Project="D:/workspace/VSRepos/Learning/PELoader/LoaderTestDLL/LoaderTestDLL.vcxproj" />
    <BuildDependency Project="LibRemotePELoader/LibRemotePELoader.vcxproj" />
  </Project>
  <Project Path="LibRemotePELoader/LibRemotePELoader.vcxproj" Id="1d0bb274-b0e6-461c-9a17-34aa1929f7b2" />
</Solution>
